# This file is autogenerated, do not edit; changes may be undone by the next 'dep ensure'.


[[projects]]
  branch = "master"
  digest = "1:95197dfe44157a59ca91bffb8faa59a14f220806a3ed394d35a39c72180f8e36"
  name = "github.com/alecthomas/template"
  packages = [
    ".",
    "parse",
  ]
  pruneopts = "T"
  revision = "a0175ee3bccc567396460bf5acd36800cb10c49c"

[[projects]]
  branch = "master"
  digest = "1:c198fdc381e898e8fb62b8eb62758195091c313ad18e52a3067366e1dda2fb3c"
  name = "github.com/alecthomas/units"
  packages = ["."]
  pruneopts = "T"
  revision = "2efee857e7cfd4f3d0138cc3cbb1b4966962b93a"

[[projects]]
  digest = "1:f16248d4d03c5aa98193bed7bbb20302c09c02f515b0fc1518ee2a820e9fc632"
  name = "github.com/allegro/bigcache"
  packages = [
    ".",
    "queue",
  ]
  pruneopts = "T"
  revision = "69ea0af04088faa57adb9ac683934277141e92a5"
  version = "v2.0.0"

[[projects]]
  branch = "master"
  digest = "1:3da9f2f56d735195fe25e4f54f8715a9956e8629f77442b3686cee2c811ad17b"
  name = "github.com/aristanetworks/goarista"
  packages = ["monotime"]
  pruneopts = "T"
  revision = "52c2a7864a0891eefaed13a457510c7405a7105b"

[[projects]]
  branch = "master"
  digest = "1:7119027008bba31730fcbf27c9b113faf9e73869a49062b2fff35fbb6ed6f31e"
  name = "github.com/btcsuite/btcd"
  packages = [
    "btcec",
    "chaincfg",
    "chaincfg/chainhash",
    "wire",
  ]
  pruneopts = "T"
  revision = "962a206e94e9151fe41bbd6d6464af4ba7168f50"

[[projects]]
  branch = "master"
  digest = "1:8a467668fef7d7e822734dd5b13083b0da468c730f21ecef2092f5d83e69819b"
  name = "github.com/btcsuite/btcutil"
  packages = [
    ".",
    "base58",
    "bech32",
    "hdkeychain",
  ]
  pruneopts = "T"
  revision = "9e5f4b9a998d263e3ce9c56664a7816001ac8000"

[[projects]]
  digest = "1:fed1f537c2f1269fe475a8556c393fe466641682d73ef8fd0491cd3aa1e47bad"
  name = "github.com/certifi/gocertifi"
  packages = ["."]
  pruneopts = "T"
  revision = "deb3ae2ef2610fde3330947281941c562861188b"
  version = "2018.01.18"

[[projects]]
  digest = "1:9f42202ac457c462ad8bb9642806d275af9ab4850cf0b1960b9c6f083d4a309a"
  name = "github.com/davecgh/go-spew"
  packages = ["spew"]
  pruneopts = "T"
  revision = "8991bc29aa16c548c550c7ff78260e27b9ab7c73"
  version = "v1.1.1"

[[projects]]
  digest = "1:e47d51dab652d26c3fba6f8cba403f922d02757a82abdc77e90df7948daf296e"
  name = "github.com/deckarep/golang-set"
  packages = ["."]
  pruneopts = "T"
  revision = "cbaa98ba5575e67703b32b4b19f73c91f3c4159e"
  version = "v1.7.1"

[[projects]]
  digest = "1:9ebc93f076070fa7a9d32ddaffa83b172e7f42717745b22857f2745cfdf08572"
  name = "github.com/elastic/gosigar"
  packages = [
    ".",
    "sys/windows",
  ]
  pruneopts = "T"
  revision = "99ed9cf55303a9d3936cb656b9a86a4a6e67b30a"
  version = "v0.10.3"

[[projects]]
  digest = "1:8a00f59860652fb7a424106ee4256887d8dcdd1320630c2cb2f36cff4aa6fefd"
  name = "github.com/ethereum/go-ethereum"
  packages = [
    ".",
    "accounts",
    "accounts/abi",
    "accounts/abi/bind",
    "accounts/keystore",
    "common",
    "common/hexutil",
    "common/math",
    "common/mclock",
    "common/prque",
    "core/types",
    "crypto",
    "crypto/secp256k1",
    "ethclient",
    "ethdb",
    "event",
    "log",
    "metrics",
    "p2p/netutil",
    "params",
    "rlp",
    "rpc",
    "trie",
  ]
  pruneopts = "T"
  revision = "2b546660187e8b693b6bbe5ec0fc74bfc008d1d3"

[[projects]]
  digest = "1:2faeefda33c255e905c48ce82c2c64bd02eda980ab639d5aa0d6fc21e061c78e"
  name = "github.com/evalphobia/logrus_sentry"
  packages = ["."]
  pruneopts = "T"
  revision = "ab0fa2ee9517a8e8c1de1c07e492e8164f852529"
  version = "v0.8.2"

[[projects]]
  digest = "1:7fc160b460a6fc506b37fcca68332464c3f2cd57b6e3f111f26c5bbfd2d5518e"
  name = "github.com/fsnotify/fsnotify"
  packages = ["."]
  pruneopts = "T"
  revision = "c2828203cd70a50dcccfb2761f8b1f8ceef9a8e9"
  version = "v1.4.7"

[[projects]]
  digest = "1:4c183be9fd1680d917006bb4884c1ac3d00a6bd33b0d36c8439c8cbd011e5aac"
  name = "github.com/getsentry/raven-go"
  packages = ["."]
  pruneopts = "T"
  revision = "f04e7487e9a6b9d9837d52743fb5f40576c56411"
  version = "v0.2.0"

[[projects]]
  digest = "1:aa047c900450fea2242fbb449076eb20cea8278f3b15d2db1950a3c8da8e4308"
  name = "github.com/go-ozzo/ozzo-validation"
  packages = ["."]
  pruneopts = "T"
  revision = "106681dbb37bfa3e7683c4c8129cb7f5925ea3e9"
  version = "v3.5.0"

[[projects]]
  digest = "1:586ea76dbd0374d6fb649a91d70d652b7fe0ccffb8910a77468e7702e7901f3d"
  name = "github.com/go-stack/stack"
  packages = ["."]
  pruneopts = "T"
  revision = "2fee6af1a9795aafbe0253a0cfbdf668e1fb8a9a"
  version = "v1.8.0"

[[projects]]
  digest = "1:582b704bebaa06b48c29b0cec224a6058a09c86883aaddabde889cd1a5f73e1b"
  name = "github.com/google/uuid"
  packages = ["."]
  pruneopts = "T"
  revision = "0cd6bf5da1e1c83f8b45653022c74f71af0538a4"
  version = "v1.1.1"

[[projects]]
  digest = "1:071bcbf82c289fba4d3f63c876bf4f0ba7eda625cd60795e0a03ccbf949e517a"
  name = "github.com/hashicorp/hcl"
  packages = [
    ".",
    "hcl/ast",
    "hcl/parser",
    "hcl/printer",
    "hcl/scanner",
    "hcl/strconv",
    "hcl/token",
    "json/parser",
    "json/scanner",
    "json/token",
  ]
  pruneopts = "T"
  revision = "8cb6e5b959231cc1119e43259c4a608f9c51a241"
  version = "v1.0.0"

[[projects]]
  digest = "1:31e761d97c76151dde79e9d28964a812c46efc5baee4085b86f68f0c654450de"
  name = "github.com/konsorten/go-windows-terminal-sequences"
  packages = ["."]
  pruneopts = "T"
  revision = "f55edac94c9bbba5d6182a4be46d86a2c9b5b50e"
  version = "v1.0.2"

[[projects]]
  digest = "1:d7cc16f6f66fd3f5864ff77480288704b02e5263f6f243dae62b43fdf4bb638e"
  name = "github.com/magiconair/properties"
  packages = [
    ".",
    "assert",
  ]
  pruneopts = "T"
  revision = "de8848e004dd33dc07a2947b3d76f618a7fc7ef1"
  version = "v1.8.1"

[[projects]]
  digest = "1:53bc4cd4914cd7cd52139990d5170d6dc99067ae31c56530621b18b35fc30318"
  name = "github.com/mitchellh/mapstructure"
  packages = ["."]
  pruneopts = "T"
  revision = "3536a929edddb9a5b34bd6861dc4a9647cb459fe"
  version = "v1.1.2"

[[projects]]
  branch = "master"
  digest = "1:7e60fc45b5bbeb666c6cc239d3813e54851d836d2c3976fd23737e45905ed06c"
  name = "github.com/nullstyle/go-xdr"
  packages = ["xdr3"]
  pruneopts = "T"
  revision = "f4c839f750778158541decf4c318fc7625ec066b"

[[projects]]
  digest = "1:e5d0bd87abc2781d14e274807a470acd180f0499f8bf5bb18606e9ec22ad9de9"
  name = "github.com/pborman/uuid"
  packages = ["."]
  pruneopts = "T"
  revision = "adf5a7427709b9deb95d29d3fa8a2bf9cfd388f1"
  version = "v1.2"

[[projects]]
  digest = "1:abc5966f690dedc4943d8bed4cdddb0c4fb6e4490ff7702fa4ce2a7c35efbaf7"
  name = "github.com/pelletier/go-toml"
  packages = ["."]
  pruneopts = "T"
  revision = "728039f679cbcd4f6a54e080d2219a4c4928c546"
  version = "v1.4.0"

[[projects]]
  digest = "1:cf31692c14422fa27c83a05292eb5cbe0fb2775972e8f1f8446a71549bd8980b"
  name = "github.com/pkg/errors"
  packages = ["."]
  pruneopts = "T"
  revision = "ba968bfe8b2f7e042a574c888954fccecfa385b4"
  version = "v0.8.1"

[[projects]]
  digest = "1:22aa691fe0213cb5c07d103f9effebcb7ad04bee45a0ce5fe5369d0ca2ec3a1f"
  name = "github.com/pmezard/go-difflib"
  packages = ["difflib"]
  pruneopts = "T"
  revision = "792786c7400a136282c1664665ae0a8db921c6c2"
  version = "v1.0.0"

[[projects]]
  digest = "1:9787d2d3220cbfd444596afd03ab0abcf391df169b789fbe3eae27fa2e426cf6"
  name = "github.com/rjeczalik/notify"
  packages = ["."]
  pruneopts = "T"
  revision = "69d839f37b13a8cb7a78366f7633a4071cb43be7"
  version = "v0.9.2"

[[projects]]
  digest = "1:a8a03bca5a81878daa4958136f3372af00437c61129ca088a430b0b786b9378a"
  name = "github.com/rs/cors"
  packages = ["."]
  pruneopts = "T"
  revision = "9a47f48565a795472d43519dd49aac781f3034fb"
  version = "v1.6.0"

[[projects]]
  digest = "1:425d221445ea27aaad740ed99e2be7cb463528526e63f6c599ad7d28f7ecea45"
  name = "github.com/sirupsen/logrus"
  packages = ["."]
  pruneopts = "T"
  revision = "839c75faf7f98a33d445d181f3018b5c3409a45e"
  version = "v1.4.2"

[[projects]]
  digest = "1:dee0cc3252ce6fcc3334c9529abd32925f2aaf072c90336a5a38254953564aa5"
  name = "github.com/spf13/afero"
  packages = [
    ".",
    "mem",
  ]
  pruneopts = "T"
  revision = "588a75ec4f32903aa5e39a2619ba6a4631e28424"
  version = "v1.2.2"

[[projects]]
  digest = "1:08d65904057412fc0270fc4812a1c90c594186819243160dc779a402d4b6d0bc"
  name = "github.com/spf13/cast"
  packages = ["."]
  pruneopts = "T"
  revision = "8c9545af88b134710ab1cd196795e7f2388358d7"
  version = "v1.3.0"

[[projects]]
  digest = "1:1b753ec16506f5864d26a28b43703c58831255059644351bbcb019b843950900"
  name = "github.com/spf13/jwalterweatherman"
  packages = ["."]
  pruneopts = "T"
  revision = "94f6ae3ed3bceceafa716478c5fbf8d29ca601a1"
  version = "v1.1.0"

[[projects]]
  digest = "1:0f775ea7a72e30d5574267692aaa9ff265aafd15214a7ae7db26bc77f2ca04dc"
  name = "github.com/spf13/pflag"
  packages = ["."]
  pruneopts = "T"
  revision = "298182f68c66c05229eb03ac171abe6e309ee79a"
  version = "v1.0.3"

[[projects]]
  digest = "1:5d7e98ad29b0dc062d7cb720c4f8c85b521b64a508ffd6d82d5c288d682a2728"
  name = "github.com/spf13/viper"
  packages = ["."]
  pruneopts = "T"
  revision = "b5bf975e5823809fb22c7644d008757f78a4259e"
  version = "v1.4.0"

[[projects]]
  digest = "1:266e2f508feb9a9a765bfeb74d116a88514248b2f8428788dcce574bd026b9c0"
  name = "github.com/steakknife/bloomfilter"
  packages = ["."]
  pruneopts = "T"
  revision = "99ee86d9200fcc2ffde62f508329bd6627c0a307"
  version = "1.0.4"

[[projects]]
  digest = "1:5ca4bdccd72e66aaba5b52f9c4a21f1021102f0919432fe138ad5d48abf06833"
  name = "github.com/steakknife/hamming"
  packages = ["."]
  pruneopts = "T"
  revision = "003c143a81c25ea5e263d692919c611c7122ae6b"
  version = "0.2.5"

[[projects]]
  digest = "1:17c4ccf5cdb1627aaaeb5c1725cb13aec97b63ea2033d4a6824dcaedf94223dc"
  name = "github.com/stretchr/testify"
  packages = ["assert"]
  pruneopts = "T"
  revision = "ffdc059bfe9ce6a4e144ba849dbedead332c6053"
  version = "v1.3.0"

[[projects]]
  digest = "1:dd08a3819dd8ddd8e6f76b89dc1b9bf26027f918c226eb91b8c0e7ae89d13214"
  name = "gitlab.com/distributed_lab/figure"
  packages = ["."]
  pruneopts = "T"
  revision = "890e03e8bfd26b2e3cb80cd5d95d4723ef10e0e2"
  version = "v2.1.0"

[[projects]]
  digest = "1:9ad88ebd64f1afd7f6d376507e1468b0a4d06e72fbc151ff224680abfc5dd23c"
  name = "gitlab.com/distributed_lab/kit"
  packages = [
    "comfig",
    "kv",
  ]
  pruneopts = "T"
  revision = "d52fc9d3fd08e46633d5b22ddb1361f4e59f20d5"
  version = "v0.7.0"

[[projects]]
  digest = "1:ee02775946cf2c8cdbc17545fe48918fd4f23892f72d57ba2e7806b620c72074"
  name = "gitlab.com/distributed_lab/logan"
  packages = [
    "v3",
    "v3/errors",
    "v3/fields",
  ]
  pruneopts = "T"
  revision = "df004fabe2425cd853d9787ec32b04189a22762f"
  version = "v3.7.1"

[[projects]]
  digest = "1:8af08868d6b7749b3046edfcb8871d8cc1e4de1c4326552ed648e71f757dfdfb"
  name = "gitlab.com/distributed_lab/running"
  packages = ["."]
  pruneopts = "T"
  revision = "d1fe1d23a4bcfb5ce23cb8ab9416256e882555e4"
  version = "v1.2"

[[projects]]
  branch = "feature/v3"
  digest = "1:99b4a6550a4ed8c536726838ca37adbcb3ad5fd85c7c5b7294c4383aa85fe383"
  name = "gitlab.com/tokend/addrstate"
  packages = ["."]
  pruneopts = "T"
  revision = "3046ee5b2d5d776582153d673aa198cd9fda19ce"

[[projects]]
  branch = "feature/op-manage-external-system-pool-entry"
  digest = "1:85bb49af833a339b7d223e40fcac980c162c702ddd23c97fe534d3dcaad9f597"
  name = "gitlab.com/tokend/go"
  packages = [
    "amount",
    "crc16",
    "hash",
    "keypair",
    "network",
    "signcontrol",
    "signcontrol/internal/httpsignatures",
    "strkey",
    "xdr",
    "xdrbuild",
    "xdrbuild/internal",
  ]
  pruneopts = "T"
  revision = "58b84195f716cdb41715244d3345fba88c569eb6"

[[projects]]
  digest = "1:0cc74bfe93bf9807f21bd164dcdbe6fe8415f00803ac06fd455d8088fdffc0bf"
  name = "gitlab.com/tokend/keypair"
  packages = [
    ".",
    "figurekeypair",
    "internal",
    "internal/crc16",
    "internal/strkey",
  ]
  pruneopts = "T"
  revision = "b9d7e0c8b3122309d8b9c37e4650bc821bb8be5d"
  version = "1.0.0"

[[projects]]
  digest = "1:3631a9b4de23395a65f81c6075026697d81daf3efe33cf7f40f742ac91aa6f27"
  name = "gitlab.com/tokend/regources"
  packages = ["generated"]
  pruneopts = "T"
  revision = "908faddd5e0067ea694d5243ccad8c4f604cea95"
  version = "v4.5.0"

[[projects]]
  branch = "master"
  digest = "1:e31be034fd6b7057f387bf33683b2a4a2468d299bc311ff45f8dc269a8ea046b"
  name = "golang.org/x/crypto"
  packages = [
    "ed25519",
    "ed25519/internal/edwards25519",
    "pbkdf2",
    "ripemd160",
    "scrypt",
    "sha3",
  ]
  pruneopts = "T"
  revision = "cc06ce4a13d484c0101a9e92913248488a75786d"

[[projects]]
  branch = "master"
  digest = "1:963d2ac08e898c80cd173c1ade07cce2c6046a62f51decf5fd78faa8ccd6271d"
  name = "golang.org/x/net"
  packages = ["websocket"]
  pruneopts = "T"
  revision = "3b0461eec859c4b73bb64fdc8285971fd33e3938"

[[projects]]
  branch = "master"
  digest = "1:156d8deb099684cb7aa262df49f8e468d24eeb7cc3dbb084fa1ed879f9b27759"
  name = "golang.org/x/sys"
  packages = [
    "cpu",
    "unix",
    "windows",
  ]
  pruneopts = "T"
  revision = "d432491b91382bba9c2a91776aa47c9430183a6f"

[[projects]]
  digest = "1:0a6103b1dc59b52f7e64a491b398b854c0fcaacde43c25ce468610a64311b72d"
  name = "golang.org/x/text"
  packages = [
    "internal/gen",
    "internal/triegen",
    "internal/ucd",
    "transform",
    "unicode/cldr",
    "unicode/norm",
  ]
  pruneopts = "T"
  revision = "342b2e1fbaa52c93f31447ad2c6abc048c63e475"
  version = "v0.3.2"

[[projects]]
  digest = "1:79bb23751a6a8aaee4a780d0f0a16f43560efb557d53ffc713dc05f20dd4c2bf"
  name = "gopkg.in/alecthomas/kingpin.v2"
  packages = ["."]
  pruneopts = "T"
  revision = "947dcec5ba9c011838740e680966fd7087a71d0d"
  version = "v2.2.6"

[[projects]]
  branch = "v2"
  digest = "1:3d3f9391ab615be8655ae0d686a1564f3fec413979bb1aaf018bac1ec1bb1cc7"
  name = "gopkg.in/natefinch/npipe.v2"
  packages = ["."]
  pruneopts = "T"
  revision = "c1b8fa8bdccecb0b8db834ee0b92fdbcfa606dd6"

[[projects]]
  digest = "1:4d2e5a73dc1500038e504a8d78b986630e3626dc027bc030ba5c75da257cdb96"
  name = "gopkg.in/yaml.v2"
  packages = ["."]
  pruneopts = "T"
  revision = "51d6538a90f86fe93ac480b35f37b2be17fef232"
  version = "v2.2.2"

[solve-meta]
  analyzer-name = "dep"
  analyzer-version = 1
  input-imports = [
    "github.com/btcsuite/btcutil/hdkeychain",
    "github.com/ethereum/go-ethereum",
    "github.com/ethereum/go-ethereum/accounts/abi",
    "github.com/ethereum/go-ethereum/accounts/abi/bind",
    "github.com/ethereum/go-ethereum/common",
    "github.com/ethereum/go-ethereum/core/types",
    "github.com/ethereum/go-ethereum/crypto",
    "github.com/ethereum/go-ethereum/ethclient",
    "github.com/ethereum/go-ethereum/event",
    "github.com/go-ozzo/ozzo-validation",
    "github.com/magiconair/properties/assert",
    "github.com/pkg/errors",
    "github.com/spf13/cast",
    "github.com/stretchr/testify/assert",
    "gitlab.com/distributed_lab/figure",
    "gitlab.com/distributed_lab/kit/comfig",
    "gitlab.com/distributed_lab/kit/kv",
    "gitlab.com/distributed_lab/logan/v3",
    "gitlab.com/distributed_lab/logan/v3/errors",
    "gitlab.com/distributed_lab/running",
    "gitlab.com/tokend/addrstate",
    "gitlab.com/tokend/go/hash",
    "gitlab.com/tokend/go/keypair",
    "gitlab.com/tokend/go/signcontrol",
    "gitlab.com/tokend/go/xdr",
    "gitlab.com/tokend/go/xdrbuild",
    "gitlab.com/tokend/keypair",
    "gitlab.com/tokend/keypair/figurekeypair",
    "gitlab.com/tokend/regources/generated",
    "gopkg.in/alecthomas/kingpin.v2",
  ]
  solver-name = "gps-cdcl"
  solver-version = 1
